
Microsoft Visual Studio Solution File, Format Version 12.00
# Visual Studio Version 17
VisualStudioVersion = 17.14.36310.24 d17.14
MinimumVisualStudioVersion = 10.0.40219.1
Project("{888888A0-9F3D-457C-B088-3A5042F75D52}") = "Semana-10", "Semana-10\Semana-10.pyproj", "{A6D50FD7-5078-4F67-BB97-093049F0E449}"
EndProject
Global
	GlobalSection(SolutionConfigurationPlatforms) = preSolution
		Debug|Any CPU = Debug|Any CPU
		Release|Any CPU = Release|Any CPU
	EndGlobalSection
	GlobalSection(ProjectConfigurationPlatforms) = postSolution
		{A6D50FD7-5078-4F67-BB97-093049F0E449}.Debug|Any CPU.ActiveCfg = Debug|Any CPU
		{A6D50FD7-5078-4F67-BB97-093049F0E449}.Release|Any CPU.ActiveCfg = Release|Any CPU
	EndGlobalSection
	GlobalSection(SolutionProperties) = preSolution
		HideSolutionNode = FALSE
	EndGlobalSection
	GlobalSection(ExtensibilityGlobals) = postSolution
		SolutionGuid = {72CB58FF-2334-45B9-9F77-1B4E8148DC17}
	EndGlobalSection
EndGlobal
